// !$*UTF8*$!
{
	archiveVersion = 1;
	classes = {
	};
	objectVersion = 56;
	objects = {

/* Begin PBXBuildFile section */
		1951A4C42B6C121D0009B6BC /* LoginApp.swift in Sources */ = {isa = PBXBuildFile; fileRef = 1951A4C32B6C121D0009B6BC /* LoginApp.swift */; };
		1951A4C82B6C121E0009B6BC /* Assets.xcassets in Resources */ = {isa = PBXBuildFile; fileRef = 1951A4C72B6C121E0009B6BC /* Assets.xcassets */; };
		1951A4CB2B6C121E0009B6BC /* Preview Assets.xcassets in Resources */ = {isa = PBXBuildFile; fileRef = 1951A4CA2B6C121E0009B6BC /* Preview Assets.xcassets */; };
		1951A4D52B6C121F0009B6BC /* LoginTests.swift in Sources */ = {isa = PBXBuildFile; fileRef = 1951A4D42B6C121F0009B6BC /* LoginTests.swift */; };
		1951A4DF2B6C121F0009B6BC /* LoginUITests.swift in Sources */ = {isa = PBXBuildFile; fileRef = 1951A4DE2B6C121F0009B6BC /* LoginUITests.swift */; };
		1951A4E12B6C121F0009B6BC /* LoginUITestsLaunchTests.swift in Sources */ = {isa = PBXBuildFile; fileRef = 1951A4E02B6C121F0009B6BC /* LoginUITestsLaunchTests.swift */; };
		1951A4EE2B6C12590009B6BC /* UserbaseModel.swift in Sources */ = {isa = PBXBuildFile; fileRef = 1951A4ED2B6C12590009B6BC /* UserbaseModel.swift */; };
		1951A4F02B6C14990009B6BC /* ViewModel.swift in Sources */ = {isa = PBXBuildFile; fileRef = 1951A4EF2B6C14990009B6BC /* ViewModel.swift */; };
		1951A4F22B6C15C60009B6BC /* LoginView.swift in Sources */ = {isa = PBXBuildFile; fileRef = 1951A4F12B6C15C60009B6BC /* LoginView.swift */; };
/* End PBXBuildFile section */

/* Begin PBXContainerItemProxy section */
		1951A4D12B6C121F0009B6BC /* PBXContainerItemProxy */ = {
			isa = PBXContainerItemProxy;
			containerPortal = 1951A4B82B6C121D0009B6BC /* Project object */;
			proxyType = 1;
			remoteGlobalIDString = 1951A4BF2B6C121D0009B6BC;
			remoteInfo = Login;
		};
		1951A4DB2B6C121F0009B6BC /* PBXContainerItemProxy */ = {
			isa = PBXContainerItemProxy;
			containerPortal = 1951A4B82B6C121D0009B6BC /* Project object */;
			proxyType = 1;
			remoteGlobalIDString = 1951A4BF2B6C121D0009B6BC;
			remoteInfo = Login;
		};
/* End PBXContainerItemProxy section */

/* Begin PBXFileReference section */
		1951A4C02B6C121D0009B6BC /* Login.app */ = {isa = PBXFileReference; explicitFileType = wrapper.application; includeInIndex = 0; path = Login.app; sourceTree = BUILT_PRODUCTS_DIR; };
		1951A4C32B6C121D0009B6BC /* LoginApp.swift */ = {isa = PBXFileReference; lastKnownFileType = sourcecode.swift; path = LoginApp.swift; sourceTree = "<group>"; };
		1951A4C72B6C121E0009B6BC /* Assets.xcassets */ = {isa = PBXFileReference; lastKnownFileType = folder.assetcatalog; path = Assets.xcassets; sourceTree = "<group>"; };
		1951A4CA2B6C121E0009B6BC /* Preview Assets.xcassets */ = {isa = PBXFileReference; lastKnownFileType = folder.assetcatalog; path = "Preview Assets.xcassets"; sourceTree = "<group>"; };
		1951A4D02B6C121F0009B6BC /* LoginTests.xctest */ = {isa = PBXFileReference; explicitFileType = wrapper.cfbundle; includeInIndex = 0; path = LoginTests.xctest; sourceTree = BUILT_PRODUCTS_DIR; };
		1951A4D42B6C121F0009B6BC /* LoginTests.swift */ = {isa = PBXFileReference; lastKnownFileType = sourcecode.swift; path = LoginTests.swift; sourceTree = "<group>"; };
		1951A4DA2B6C121F0009B6BC /* LoginUITests.xctest */ = {isa = PBXFileReference; explicitFileType = wrapper.cfbundle; includeInIndex = 0; path = LoginUITests.xctest; sourceTree = BUILT_PRODUCTS_DIR; };
		1951A4DE2B6C121F0009B6BC /* LoginUITests.swift */ = {isa = PBXFileReference; lastKnownFileType = sourcecode.swift; path = LoginUITests.swift; sourceTree = "<group>"; };
		1951A4E02B6C121F0009B6BC /* LoginUITestsLaunchTests.swift */ = {isa = PBXFileReference; lastKnownFileType = sourcecode.swift; path = LoginUITestsLaunchTests.swift; sourceTree = "<group>"; };
		1951A4ED2B6C12590009B6BC /* UserbaseModel.swift */ = {isa = PBXFileReference; lastKnownFileType = sourcecode.swift; path = UserbaseModel.swift; sourceTree = "<group>"; };
		1951A4EF2B6C14990009B6BC /* ViewModel.swift */ = {isa = PBXFileReference; lastKnownFileType = sourcecode.swift; path = ViewModel.swift; sourceTree = "<group>"; };
		1951A4F12B6C15C60009B6BC /* LoginView.swift */ = {isa = PBXFileReference; lastKnownFileType = sourcecode.swift; path = LoginView.swift; sourceTree = "<group>"; };
/* End PBXFileReference section */

/* Begin PBXFrameworksBuildPhase section */
		1951A4BD2B6C121D0009B6BC /* Frameworks */ = {
			isa = PBXFrameworksBuildPhase;
			buildActionMask = 2147483647;
			files = (
			);
			runOnlyForDeploymentPostprocessing = 0;
		};
		1951A4CD2B6C121F0009B6BC /* Frameworks */ = {
			isa = PBXFrameworksBuildPhase;
			buildActionMask = 2147483647;
			files = (
			);
			runOnlyForDeploymentPostprocessing = 0;
		};
		1951A4D72B6C121F0009B6BC /* Frameworks */ = {
			isa = PBXFrameworksBuildPhase;
			buildActionMask = 2147483647;
			files = (
			);
			runOnlyForDeploymentPostprocessing = 0;
		};
/* End PBXFrameworksBuildPhase section */

/* Begin PBXGroup section */
		1951A4B72B6C121D0009B6BC = {
			isa = PBXGroup;
			children = (
				1951A4C22B6C121D0009B6BC /* Login */,
				1951A4D32B6C121F0009B6BC /* LoginTests */,
				1951A4DD2B6C121F0009B6BC /* LoginUITests */,
				1951A4C12B6C121D0009B6BC /* Products */,
			);
			sourceTree = "<group>";
		};
		1951A4C12B6C121D0009B6BC /* Products */ = {
			isa = PBXGroup;
			children = (
				1951A4C02B6C121D0009B6BC /* Login.app */,
				1951A4D02B6C121F0009B6BC /* LoginTests.xctest */,
				1951A4DA2B6C121F0009B6BC /* LoginUITests.xctest */,
			);
			name = Products;
			sourceTree = "<group>";
		};
		1951A4C22B6C121D0009B6BC /* Login */ = {
			isa = PBXGroup;
			children = (
				1951A4C32B6C121D0009B6BC /* LoginApp.swift */,
				1951A4ED2B6C12590009B6BC /* UserbaseModel.swift */,
				1951A4EF2B6C14990009B6BC /* ViewModel.swift */,
				1951A4F12B6C15C60009B6BC /* LoginView.swift */,
				1951A4C72B6C121E0009B6BC /* Assets.xcassets */,
				1951A4C92B6C121E0009B6BC /* Preview Content */,
			);
			path = Login;
			sourceTree = "<group>";
		};
		1951A4C92B6C121E0009B6BC /* Preview Content */ = {
			isa = PBXGroup;
			children = (
				1951A4CA2B6C121E0009B6BC /* Preview Assets.xcassets */,
			);
			path = "Preview Content";
			sourceTree = "<group>";
		};
		1951A4D32B6C121F0009B6BC /* LoginTests */ = {
			isa = PBXGroup;
			children = (
				1951A4D42B6C121F0009B6BC /* LoginTests.swift */,
			);
			path = LoginTests;
			sourceTree = "<group>";
		};
		1951A4DD2B6C121F0009B6BC /* LoginUITests */ = {
			isa = PBXGroup;
			children = (
				1951A4DE2B6C121F0009B6BC /* LoginUITests.swift */,
				1951A4E02B6C121F0009B6BC /* LoginUITestsLaunchTests.swift */,
			);
			path = LoginUITests;
			sourceTree = "<group>";
		};
/* End PBXGroup section */

/* Begin PBXNativeTarget section */
		1951A4BF2B6C121D0009B6BC /* Login */ = {
			isa = PBXNativeTarget;
			buildConfigurationList = 1951A4E42B6C121F0009B6BC /* Build configuration list for PBXNativeTarget "Login" */;
			buildPhases = (
				1951A4BC2B6C121D0009B6BC /* Sources */,
				1951A4BD2B6C121D0009B6BC /* Frameworks */,
				1951A4BE2B6C121D0009B6BC /* Resources */,
			);
			buildRules = (
			);
			dependencies = (
			);
			name = Login;
			productName = Login;
			productReference = 1951A4C02B6C121D0009B6BC /* Login.app */;
			productType = "com.apple.product-type.application";
		};
		1951A4CF2B6C121F0009B6BC /* LoginTests */ = {
			isa = PBXNativeTarget;
			buildConfigurationList = 1951A4E72B6C121F0009B6BC /* Build configuration list for PBXNativeTarget "LoginTests" */;
			buildPhases = (
				1951A4CC2B6C121F0009B6BC /* Sources */,
				1951A4CD2B6C121F0009B6BC /* Frameworks */,
				1951A4CE2B6C121F0009B6BC /* Resources */,
			);
			buildRules = (
			);
			dependencies = (
				1951A4D22B6C121F0009B6BC /* PBXTargetDependency */,
			);
			name = LoginTests;
			productName = LoginTests;
			productReference = 1951A4D02B6C121F0009B6BC /* LoginTests.xctest */;
			productType = "com.apple.product-type.bundle.unit-test";
		};
		1951A4D92B6C121F0009B6BC /* LoginUITests */ = {
			isa = PBXNativeTarget;
			buildConfigurationList = 1951A4EA2B6C121F0009B6BC /* Build configuration list for PBXNativeTarget "LoginUITests" */;
			buildPhases = (
				1951A4D62B6C121F0009B6BC /* Sources */,
				1951A4D72B6C121F0009B6BC /* Frameworks */,
				1951A4D82B6C121F0009B6BC /* Resources */,
			);
			buildRules = (
			);
			dependencies = (
				1951A4DC2B6C121F0009B6BC /* PBXTargetDependency */,
			);
			name = LoginUITests;
			productName = LoginUITests;
			productReference = 1951A4DA2B6C121F0009B6BC /* LoginUITests.xctest */;
			productType = "com.apple.product-type.bundle.ui-testing";
		};
/* End PBXNativeTarget section */

/* Begin PBXProject section */
		1951A4B82B6C121D0009B6BC /* Project object */ = {
			isa = PBXProject;
			attributes = {
				BuildIndependentTargetsInParallel = 1;
				LastSwiftUpdateCheck = 1500;
				LastUpgradeCheck = 1500;
				TargetAttributes = {
					1951A4BF2B6C121D0009B6BC = {
						CreatedOnToolsVersion = 15.0;
					};
					1951A4CF2B6C121F0009B6BC = {
						CreatedOnToolsVersion = 15.0;
						TestTargetID = 1951A4BF2B6C121D0009B6BC;
					};
					1951A4D92B6C121F0009B6BC = {
						CreatedOnToolsVersion = 15.0;
						TestTargetID = 1951A4BF2B6C121D0009B6BC;
					};
				};
			};
			buildConfigurationList = 1951A4BB2B6C121D0009B6BC /* Build configuration list for PBXProject "Login" */;
			compatibilityVersion = "Xcode 14.0";
			developmentRegion = en;
			hasScannedForEncodings = 0;
			knownRegions = (
				en,
				Base,
			);
			mainGroup = 1951A4B72B6C121D0009B6BC;
			productRefGroup = 1951A4C12B6C121D0009B6BC /* Products */;
			projectDirPath = "";
			projectRoot = "";
			targets = (
				1951A4BF2B6C121D0009B6BC /* Login */,
				1951A4CF2B6C121F0009B6BC /* LoginTests */,
				1951A4D92B6C121F0009B6BC /* LoginUITests */,
			);
		};
/* End PBXProject section */

/* Begin PBXResourcesBuildPhase section */
		1951A4BE2B6C121D0009B6BC /* Resources */ = {
			isa = PBXResourcesBuildPhase;
			buildActionMask = 2147483647;
			files = (
				1951A4CB2B6C121E0009B6BC /* Preview Assets.xcassets in Resources */,
				1951A4C82B6C121E0009B6BC /* Assets.xcassets in Resources */,
			);
			runOnlyForDeploymentPostprocessing = 0;
		};
		1951A4CE2B6C121F0009B6BC /* Resources */ = {
			isa = PBXResourcesBuildPhase;
			buildActionMask = 2147483647;
			files = (
			);
			runOnlyForDeploymentPostprocessing = 0;
		};
		1951A4D82B6C121F0009B6BC /* Resources */ = {
			isa = PBXResourcesBuildPhase;
			buildActionMask = 2147483647;
			files = (
			);
			runOnlyForDeploymentPostprocessing = 0;
		};
/* End PBXResourcesBuildPhase section */

/* Begin PBXSourcesBuildPhase section */
		1951A4BC2B6C121D0009B6BC /* Sources */ = {
			isa = PBXSourcesBuildPhase;
			buildActionMask = 2147483647;
			files = (
				1951A4C42B6C121D0009B6BC /* LoginApp.swift in Sources */,
				1951A4F02B6C14990009B6BC /* ViewModel.swift in Sources */,
				1951A4F22B6C15C60009B6BC /* LoginView.swift in Sources */,
				1951A4EE2B6C12590009B6BC /* UserbaseModel.swift in Sources */,
			);
			runOnlyForDeploymentPostprocessing = 0;
		};
		1951A4CC2B6C121F0009B6BC /* Sources */ = {
			isa = PBXSourcesBuildPhase;
			buildActionMask = 2147483647;
			files = (
				1951A4D52B6C121F0009B6BC /* LoginTests.swift in Sources */,
			);
			runOnlyForDeploymentPostprocessing = 0;
		};
		1951A4D62B6C121F0009B6BC /* Sources */ = {
			isa = PBXSourcesBuildPhase;
			buildActionMask = 2147483647;
			files = (
				1951A4E12B6C121F0009B6BC /* LoginUITestsLaunchTests.swift in Sources */,
				1951A4DF2B6C121F0009B6BC /* LoginUITests.swift in Sources */,
			);
			runOnlyForDeploymentPostprocessing = 0;
		};
/* End PBXSourcesBuildPhase section */

/* Begin PBXTargetDependency section */
		1951A4D22B6C121F0009B6BC /* PBXTargetDependency */ = {
			isa = PBXTargetDependency;
			target = 1951A4BF2B6C121D0009B6BC /* Login */;
			targetProxy = 1951A4D12B6C121F0009B6BC /* PBXContainerItemProxy */;
		};
		1951A4DC2B6C121F0009B6BC /* PBXTargetDependency */ = {
			isa = PBXTargetDependency;
			target = 1951A4BF2B6C121D0009B6BC /* Login */;
			targetProxy = 1951A4DB2B6C121F0009B6BC /* PBXContainerItemProxy */;
		};
/* End PBXTargetDependency section */

/* Begin XCBuildConfiguration section */
		1951A4E22B6C121F0009B6BC /* Debug */ = {
			isa = XCBuildConfiguration;
			buildSettings = {
				ALWAYS_SEARCH_USER_PATHS = NO;
				ASSETCATALOG_COMPILER_GENERATE_SWIFT_ASSET_SYMBOL_EXTENSIONS = YES;
				CLANG_ANALYZER_NONNULL = YES;
				CLANG_ANALYZER_NUMBER_OBJECT_CONVERSION = YES_AGGRESSIVE;
				CLANG_CXX_LANGUAGE_STANDARD = "gnu++20";
				CLANG_ENABLE_MODULES = YES;
				CLANG_ENABLE_OBJC_ARC = YES;
				CLANG_ENABLE_OBJC_WEAK = YES;
				CLANG_WARN_BLOCK_CAPTURE_AUTORELEASING = YES;
				CLANG_WARN_BOOL_CONVERSION = YES;
				CLANG_WARN_COMMA = YES;
				CLANG_WARN_CONSTANT_CONVERSION = YES;
				CLANG_WARN_DEPRECATED_OBJC_IMPLEMENTATIONS = YES;
				CLANG_WARN_DIRECT_OBJC_ISA_USAGE = YES_ERROR;
				CLANG_WARN_DOCUMENTATION_COMMENTS = YES;
				CLANG_WARN_EMPTY_BODY = YES;
				CLANG_WARN_ENUM_CONVERSION = YES;
				CLANG_WARN_INFINITE_RECURSION = YES;
				CLANG_WARN_INT_CONVERSION = YES;
				CLANG_WARN_NON_LITERAL_NULL_CONVERSION = YES;
				CLANG_WARN_OBJC_IMPLICIT_RETAIN_SELF = YES;
				CLANG_WARN_OBJC_LITERAL_CONVERSION = YES;
				CLANG_WARN_OBJC_ROOT_CLASS = YES_ERROR;
				CLANG_WARN_QUOTED_INCLUDE_IN_FRAMEWORK_HEADER = YES;
				CLANG_WARN_RANGE_LOOP_ANALYSIS = YES;
				CLANG_WARN_STRICT_PROTOTYPES = YES;
				CLANG_WARN_SUSPICIOUS_MOVE = YES;
				CLANG_WARN_UNGUARDED_AVAILABILITY = YES_AGGRESSIVE;
				CLANG_WARN_UNREACHABLE_CODE = YES;
				CLANG_WARN__DUPLICATE_METHOD_MATCH = YES;
				COPY_PHASE_STRIP = NO;
				DEBUG_INFORMATION_FORMAT = dwarf;
				ENABLE_STRICT_OBJC_MSGSEND = YES;
				ENABLE_TESTABILITY = YES;
				ENABLE_USER_SCRIPT_SANDBOXING = YES;
				GCC_C_LANGUAGE_STANDARD = gnu17;
				GCC_DYNAMIC_NO_PIC = NO;
				GCC_NO_COMMON_BLOCKS = YES;
				GCC_OPTIMIZATION_LEVEL = 0;
				GCC_PREPROCESSOR_DEFINITIONS = (
					"DEBUG=1",
					"$(inherited)",
				);
				GCC_WARN_64_TO_32_BIT_CONVERSION = YES;
				GCC_WARN_ABOUT_RETURN_TYPE = YES_ERROR;
				GCC_WARN_UNDECLARED_SELECTOR = YES;
				GCC_WARN_UNINITIALIZED_AUTOS = YES_AGGRESSIVE;
				GCC_WARN_UNUSED_FUNCTION = YES;
				GCC_WARN_UNUSED_VARIABLE = YES;
				IPHONEOS_DEPLOYMENT_TARGET = 17.0;
				LOCALIZATION_PREFERS_STRING_CATALOGS = YES;
				MTL_ENABLE_DEBUG_INFO = INCLUDE_SOURCE;
				MTL_FAST_MATH = YES;
				ONLY_ACTIVE_ARCH = YES;
				SDKROOT = iphoneos;
				SWIFT_ACTIVE_COMPILATION_CONDITIONS = "DEBUG $(inherited)";
				SWIFT_OPTIMIZATION_LEVEL = "-Onone";
			};
			name = Debug;
		};
		1951A4E32B6C121F0009B6BC /* Release */ = {
			isa = XCBuildConfiguration;
			buildSettings = {
				ALWAYS_SEARCH_USER_PATHS = NO;
				ASSETCATALOG_COMPILER_GENERATE_SWIFT_ASSET_SYMBOL_EXTENSIONS = YES;
				CLANG_ANALYZER_NONNULL = YES;
				CLANG_ANALYZER_NUMBER_OBJECT_CONVERSION = YES_AGGRESSIVE;
				CLANG_CXX_LANGUAGE_STANDARD = "gnu++20";
				CLANG_ENABLE_MODULES = YES;
				CLANG_ENABLE_OBJC_ARC = YES;
				CLANG_ENABLE_OBJC_WEAK = YES;
				CLANG_WARN_BLOCK_CAPTURE_AUTORELEASING = YES;
				CLANG_WARN_BOOL_CONVERSION = YES;
				CLANG_WARN_COMMA = YES;
				CLANG_WARN_CONSTANT_CONVERSION = YES;
				CLANG_WARN_DEPRECATED_OBJC_IMPLEMENTATIONS = YES;
				CLANG_WARN_DIRECT_OBJC_ISA_USAGE = YES_ERROR;
				CLANG_WARN_DOCUMENTATION_COMMENTS = YES;
				CLANG_WARN_EMPTY_BODY = YES;
				CLANG_WARN_ENUM_CONVERSION = YES;
				CLANG_WARN_INFINITE_RECURSION = YES;
				CLANG_WARN_INT_CONVERSION = YES;
				CLANG_WARN_NON_LITERAL_NULL_CONVERSION = YES;
				CLANG_WARN_OBJC_IMPLICIT_RETAIN_SELF = YES;
				CLANG_WARN_OBJC_LITERAL_CONVERSION = YES;
				CLANG_WARN_OBJC_ROOT_CLASS = YES_ERROR;
				CLANG_WARN_QUOTED_INCLUDE_IN_FRAMEWORK_HEADER = YES;
				CLANG_WARN_RANGE_LOOP_ANALYSIS = YES;
				CLANG_WARN_STRICT_PROTOTYPES = YES;
				CLANG_WARN_SUSPICIOUS_MOVE = YES;
				CLANG_WARN_UNGUARDED_AVAILABILITY = YES_AGGRESSIVE;
				CLANG_WARN_UNREACHABLE_CODE = YES;
				CLANG_WARN__DUPLICATE_METHOD_MATCH = YES;
				COPY_PHASE_STRIP = NO;
				DEBUG_INFORMATION_FORMAT = "dwarf-with-dsym";
				ENABLE_NS_ASSERTIONS = NO;
				ENABLE_STRICT_OBJC_MSGSEND = YES;
				ENABLE_USER_SCRIPT_SANDBOXING = YES;
				GCC_C_LANGUAGE_STANDARD = gnu17;
				GCC_NO_COMMON_BLOCKS = YES;
				GCC_WARN_64_TO_32_BIT_CONVERSION = YES;
				GCC_WARN_ABOUT_RETURN_TYPE = YES_ERROR;
				GCC_WARN_UNDECLARED_SELECTOR = YES;
				GCC_WARN_UNINITIALIZED_AUTOS = YES_AGGRESSIVE;
				GCC_WARN_UNUSED_FUNCTION = YES;
				GCC_WARN_UNUSED_VARIABLE = YES;
				IPHONEOS_DEPLOYMENT_TARGET = 17.0;
				LOCALIZATION_PREFERS_STRING_CATALOGS = YES;
				MTL_ENABLE_DEBUG_INFO = NO;
				MTL_FAST_MATH = YES;
				SDKROOT = iphoneos;
				SWIFT_COMPILATION_MODE = wholemodule;
				VALIDATE_PRODUCT = YES;
			};
			name = Release;
		};
		1951A4E52B6C121F0009B6BC /* Debug */ = {
			isa = XCBuildConfiguration;
			buildSettings = {
				ASSETCATALOG_COMPILER_APPICON_NAME = AppIcon;
				ASSETCATALOG_COMPILER_GLOBAL_ACCENT_COLOR_NAME = AccentColor;
				CODE_SIGN_STYLE = Automatic;
				CURRENT_PROJECT_VERSION = 1;
				DEVELOPMENT_ASSET_PATHS = "\"Login/Preview Content\"";
				DEVELOPMENT_TEAM = D46454C83G;
				ENABLE_PREVIEWS = YES;
				GENERATE_INFOPLIST_FILE = YES;
				INFOPLIST_KEY_UIApplicationSceneManifest_Generation = YES;
				INFOPLIST_KEY_UIApplicationSupportsIndirectInputEvents = YES;
				INFOPLIST_KEY_UILaunchScreen_Generation = YES;
				INFOPLIST_KEY_UISupportedInterfaceOrientations_iPad = "UIInterfaceOrientationPortrait UIInterfaceOrientationPortraitUpsideDown UIInterfaceOrientationLandscapeLeft UIInterfaceOrientationLandscapeRight";
				INFOPLIST_KEY_UISupportedInterfaceOrientations_iPhone = "UIInterfaceOrientationPortrait UIInterfaceOrientationLandscapeLeft UIInterfaceOrientationLandscapeRight";
				LD_RUNPATH_SEARCH_PATHS = (
					"$(inherited)",
					"@executable_path/Frameworks",
				);
				MARKETING_VERSION = 1.0;
				PRODUCT_BUNDLE_IDENTIFIER = com.sankaet.Login;
				PRODUCT_NAME = "$(TARGET_NAME)";
				SWIFT_EMIT_LOC_STRINGS = YES;
				SWIFT_VERSION = 5.0;
				TARGETED_DEVICE_FAMILY = "1,2";
			};
			name = Debug;
		};
		1951A4E62B6C121F0009B6BC /* Release */ = {
			isa = XCBuildConfiguration;
			buildSettings = {
				ASSETCATALOG_COMPILER_APPICON_NAME = AppIcon;
				ASSETCATALOG_COMPILER_GLOBAL_ACCENT_COLOR_NAME = AccentColor;
				CODE_SIGN_STYLE = Automatic;
				CURRENT_PROJECT_VERSION = 1;
				DEVELOPMENT_ASSET_PATHS = "\"Login/Preview Content\"";
				DEVELOPMENT_TEAM = D46454C83G;
				ENABLE_PREVIEWS = YES;
				GENERATE_INFOPLIST_FILE = YES;
				INFOPLIST_KEY_UIApplicationSceneManifest_Generation = YES;
				INFOPLIST_KEY_UIApplicationSupportsIndirectInputEvents = YES;
				INFOPLIST_KEY_UILaunchScreen_Generation = YES;
				INFOPLIST_KEY_UISupportedInterfaceOrientations_iPad = "UIInterfaceOrientationPortrait UIInterfaceOrientationPortraitUpsideDown UIInterfaceOrientationLandscapeLeft UIInterfaceOrientationLandscapeRight";
				INFOPLIST_KEY_UISupportedInterfaceOrientations_iPhone = "UIInterfaceOrientationPortrait UIInterfaceOrientationLandscapeLeft UIInterfaceOrientationLandscapeRight";
				LD_RUNPATH_SEARCH_PATHS = (
					"$(inherited)",
					"@executable_path/Frameworks",
				);
				MARKETING_VERSION = 1.0;
				PRODUCT_BUNDLE_IDENTIFIER = com.sankaet.Login;
				PRODUCT_NAME = "$(TARGET_NAME)";
				SWIFT_EMIT_LOC_STRINGS = YES;
				SWIFT_VERSION = 5.0;
				TARGETED_DEVICE_FAMILY = "1,2";
			};
			name = Release;
		};
		1951A4E82B6C121F0009B6BC /* Debug */ = {
			isa = XCBuildConfiguration;
			buildSettings = {
				ALWAYS_EMBED_SWIFT_STANDARD_LIBRARIES = YES;
				BUNDLE_LOADER = "$(TEST_HOST)";
				CODE_SIGN_STYLE = Automatic;
				CURRENT_PROJECT_VERSION = 1;
				DEVELOPMENT_TEAM = D46454C83G;
				GENERATE_INFOPLIST_FILE = YES;
				IPHONEOS_DEPLOYMENT_TARGET = 17.0;
				MARKETING_VERSION = 1.0;
				PRODUCT_BUNDLE_IDENTIFIER = com.sankaet.LoginTests;
				PRODUCT_NAME = "$(TARGET_NAME)";
				SWIFT_EMIT_LOC_STRINGS = NO;
				SWIFT_VERSION = 5.0;
				TARGETED_DEVICE_FAMILY = "1,2";
				TEST_HOST = "$(BUILT_PRODUCTS_DIR)/Login.app/$(BUNDLE_EXECUTABLE_FOLDER_PATH)/Login";
			};
			name = Debug;
		};
		1951A4E92B6C121F0009B6BC /* Release */ = {
			isa = XCBuildConfiguration;
			buildSettings = {
				ALWAYS_EMBED_SWIFT_STANDARD_LIBRARIES = YES;
				BUNDLE_LOADER = "$(TEST_HOST)";
				CODE_SIGN_STYLE = Automatic;
				CURRENT_PROJECT_VERSION = 1;
				DEVELOPMENT_TEAM = D46454C83G;
				GENERATE_INFOPLIST_FILE = YES;
				IPHONEOS_DEPLOYMENT_TARGET = 17.0;
				MARKETING_VERSION = 1.0;
				PRODUCT_BUNDLE_IDENTIFIER = com.sankaet.LoginTests;
				PRODUCT_NAME = "$(TARGET_NAME)";
				SWIFT_EMIT_LOC_STRINGS = NO;
				SWIFT_VERSION = 5.0;
				TARGETED_DEVICE_FAMILY = "1,2";
				TEST_HOST = "$(BUILT_PRODUCTS_DIR)/Login.app/$(BUNDLE_EXECUTABLE_FOLDER_PATH)/Login";
			};
			name = Release;
		};
		1951A4EB2B6C121F0009B6BC /* Debug */ = {
			isa = XCBuildConfiguration;
			buildSettings = {
				ALWAYS_EMBED_SWIFT_STANDARD_LIBRARIES = YES;
				CODE_SIGN_STYLE = Automatic;
				CURRENT_PROJECT_VERSION = 1;
				DEVELOPMENT_TEAM = D46454C83G;
				GENERATE_INFOPLIST_FILE = YES;
				MARKETING_VERSION = 1.0;
				PRODUCT_BUNDLE_IDENTIFIER = com.sankaet.LoginUITests;
				PRODUCT_NAME = "$(TARGET_NAME)";
				SWIFT_EMIT_LOC_STRINGS = NO;
				SWIFT_VERSION = 5.0;
				TARGETED_DEVICE_FAMILY = "1,2";
				TEST_TARGET_NAME = Login;
			};
			name = Debug;
		};
		1951A4EC2B6C121F0009B6BC /* Release */ = {
			isa = XCBuildConfiguration;
			buildSettings = {
				ALWAYS_EMBED_SWIFT_STANDARD_LIBRARIES = YES;
				CODE_SIGN_STYLE = Automatic;
				CURRENT_PROJECT_VERSION = 1;
				DEVELOPMENT_TEAM = D46454C83G;
				GENERATE_INFOPLIST_FILE = YES;
				MARKETING_VERSION = 1.0;
				PRODUCT_BUNDLE_IDENTIFIER = com.sankaet.LoginUITests;
				PRODUCT_NAME = "$(TARGET_NAME)";
				SWIFT_EMIT_LOC_STRINGS = NO;
				SWIFT_VERSION = 5.0;
				TARGETED_DEVICE_FAMILY = "1,2";
				TEST_TARGET_NAME = Login;
			};
			name = Release;
		};
/* End XCBuildConfiguration section */

/* Begin XCConfigurationList section */
		1951A4BB2B6C121D0009B6BC /* Build configuration list for PBXProject "Login" */ = {
			isa = XCConfigurationList;
			buildConfigurations = (
				1951A4E22B6C121F0009B6BC /* Debug */,
				1951A4E32B6C121F0009B6BC /* Release */,
			);
			defaultConfigurationIsVisible = 0;
			defaultConfigurationName = Release;
		};
		1951A4E42B6C121F0009B6BC /* Build configuration list for PBXNativeTarget "Login" */ = {
			isa = XCConfigurationList;
			buildConfigurations = (
				1951A4E52B6C121F0009B6BC /* Debug */,
				1951A4E62B6C121F0009B6BC /* Release */,
			);
			defaultConfigurationIsVisible = 0;
			defaultConfigurationName = Release;
		};
		1951A4E72B6C121F0009B6BC /* Build configuration list for PBXNativeTarget "LoginTests" */ = {
			isa = XCConfigurationList;
			buildConfigurations = (
				1951A4E82B6C121F0009B6BC /* Debug */,
				1951A4E92B6C121F0009B6BC /* Release */,
			);
			defaultConfigurationIsVisible = 0;
			defaultConfigurationName = Release;
		};
		1951A4EA2B6C121F0009B6BC /* Build configuration list for PBXNativeTarget "LoginUITests" */ = {
			isa = XCConfigurationList;
			buildConfigurations = (
				1951A4EB2B6C121F0009B6BC /* Debug */,
				1951A4EC2B6C121F0009B6BC /* Release */,
			);
			defaultConfigurationIsVisible = 0;
			defaultConfigurationName = Release;
		};
/* End XCConfigurationList section */
	};
	rootObject = 1951A4B82B6C121D0009B6BC /* Project object */;
}
